// !$*UTF8*$!
{
	archiveVersion = 1;
	classes = {
	};
	objectVersion = 50;
	objects = {

/* Begin PBXBuildFile section */
		9B2231B52608B4C800DF27F8 /* Tree.swift in Sources */ = {isa = PBXBuildFile; fileRef = 9B2231B42608B4C800DF27F8 /* Tree.swift */; };
		9B2231B82608B7BB00DF27F8 /* TreeView.swift in Sources */ = {isa = PBXBuildFile; fileRef = 9B2231B72608B7BB00DF27F8 /* TreeView.swift */; };
		9B6AF461260AE383002D3DDF /* AVLTree.swift in Sources */ = {isa = PBXBuildFile; fileRef = 9B6AF460260AE383002D3DDF /* AVLTree.swift */; };
		9B6AF464260B0F59002D3DDF /* AVLTreeView.swift in Sources */ = {isa = PBXBuildFile; fileRef = 9B6AF463260B0F59002D3DDF /* AVLTreeView.swift */; };
		9B6BBD5B2603410E005184B6 /* AppDelegate.swift in Sources */ = {isa = PBXBuildFile; fileRef = 9B6BBD5A2603410E005184B6 /* AppDelegate.swift */; };
		9B6BBD5D2603410E005184B6 /* SceneDelegate.swift in Sources */ = {isa = PBXBuildFile; fileRef = 9B6BBD5C2603410E005184B6 /* SceneDelegate.swift */; };
		9B6BBD5F2603410E005184B6 /* ContentView.swift in Sources */ = {isa = PBXBuildFile; fileRef = 9B6BBD5E2603410E005184B6 /* ContentView.swift */; };
		9B6BBD612603410F005184B6 /* Assets.xcassets in Resources */ = {isa = PBXBuildFile; fileRef = 9B6BBD602603410F005184B6 /* Assets.xcassets */; };
		9B6BBD642603410F005184B6 /* Preview Assets.xcassets in Resources */ = {isa = PBXBuildFile; fileRef = 9B6BBD632603410F005184B6 /* Preview Assets.xcassets */; };
		9B6BBD672603410F005184B6 /* LaunchScreen.storyboard in Resources */ = {isa = PBXBuildFile; fileRef = 9B6BBD652603410F005184B6 /* LaunchScreen.storyboard */; };
		9B6BBD73260347F0005184B6 /* Node.swift in Sources */ = {isa = PBXBuildFile; fileRef = 9B6BBD71260347F0005184B6 /* Node.swift */; };
		9B6BBD74260347F0005184B6 /* LinkedList.swift in Sources */ = {isa = PBXBuildFile; fileRef = 9B6BBD72260347F0005184B6 /* LinkedList.swift */; };
		9B6BBD77260348D3005184B6 /* LinkedListView.swift in Sources */ = {isa = PBXBuildFile; fileRef = 9B6BBD76260348D3005184B6 /* LinkedListView.swift */; };
		9B8A0D262604987E0002372E /* Stack.swift in Sources */ = {isa = PBXBuildFile; fileRef = 9B8A0D252604987E0002372E /* Stack.swift */; };
		9B8A0D29260499C50002372E /* StackView.swift in Sources */ = {isa = PBXBuildFile; fileRef = 9B8A0D28260499C40002372E /* StackView.swift */; };
		9B8A0D2C2604A4540002372E /* Queue.swift in Sources */ = {isa = PBXBuildFile; fileRef = 9B8A0D2B2604A4540002372E /* Queue.swift */; };
		9B8A0D2F2604AB380002372E /* QueueView.swift in Sources */ = {isa = PBXBuildFile; fileRef = 9B8A0D2E2604AB380002372E /* QueueView.swift */; };
		9B9123412609829A0029E478 /* DoublyLInkedList.swift in Sources */ = {isa = PBXBuildFile; fileRef = 9B9123402609829A0029E478 /* DoublyLInkedList.swift */; };
		9B912344260990820029E478 /* RingBuffer.swift in Sources */ = {isa = PBXBuildFile; fileRef = 9B912343260990820029E478 /* RingBuffer.swift */; };
		9B9123472609CD610029E478 /* BinaryNode.swift in Sources */ = {isa = PBXBuildFile; fileRef = 9B9123462609CD610029E478 /* BinaryNode.swift */; };
		9B91234E2609CEF50029E478 /* BinaryTreeView.swift in Sources */ = {isa = PBXBuildFile; fileRef = 9B91234D2609CEF50029E478 /* BinaryTreeView.swift */; };
		9B9123522609E3D10029E478 /* BinarySearchTree.swift in Sources */ = {isa = PBXBuildFile; fileRef = 9B9123512609E3D10029E478 /* BinarySearchTree.swift */; };
		9B9123552609E50A0029E478 /* BinarySearchTreeView.swift in Sources */ = {isa = PBXBuildFile; fileRef = 9B9123542609E50A0029E478 /* BinarySearchTreeView.swift */; };
		9BA134CA260D8E810045C7E1 /* BinarySearch.swift in Sources */ = {isa = PBXBuildFile; fileRef = 9BA134C9260D8E810045C7E1 /* BinarySearch.swift */; };
		9BA134CD260D907C0045C7E1 /* BinarySearchView.swift in Sources */ = {isa = PBXBuildFile; fileRef = 9BA134CC260D907C0045C7E1 /* BinarySearchView.swift */; };
		9BD0F146260C81FD0094CE36 /* TrieNode.swift in Sources */ = {isa = PBXBuildFile; fileRef = 9BD0F145260C81FD0094CE36 /* TrieNode.swift */; };
		9BD0F149260C83040094CE36 /* Trie.swift in Sources */ = {isa = PBXBuildFile; fileRef = 9BD0F148260C83040094CE36 /* Trie.swift */; };
		9BD0F14C260C90360094CE36 /* TrieView.swift in Sources */ = {isa = PBXBuildFile; fileRef = 9BD0F14B260C90360094CE36 /* TrieView.swift */; };
/* End PBXBuildFile section */

/* Begin PBXFileReference section */
		9B2231B42608B4C800DF27F8 /* Tree.swift */ = {isa = PBXFileReference; lastKnownFileType = sourcecode.swift; path = Tree.swift; sourceTree = "<group>"; };
		9B2231B72608B7BB00DF27F8 /* TreeView.swift */ = {isa = PBXFileReference; lastKnownFileType = sourcecode.swift; path = TreeView.swift; sourceTree = "<group>"; };
		9B6AF460260AE383002D3DDF /* AVLTree.swift */ = {isa = PBXFileReference; lastKnownFileType = sourcecode.swift; path = AVLTree.swift; sourceTree = "<group>"; };
		9B6AF463260B0F59002D3DDF /* AVLTreeView.swift */ = {isa = PBXFileReference; lastKnownFileType = sourcecode.swift; path = AVLTreeView.swift; sourceTree = "<group>"; };
		9B6BBD572603410E005184B6 /* SwiftDataStructuresAndAlgorithms.app */ = {isa = PBXFileReference; explicitFileType = wrapper.application; includeInIndex = 0; path = SwiftDataStructuresAndAlgorithms.app; sourceTree = BUILT_PRODUCTS_DIR; };
		9B6BBD5A2603410E005184B6 /* AppDelegate.swift */ = {isa = PBXFileReference; lastKnownFileType = sourcecode.swift; path = AppDelegate.swift; sourceTree = "<group>"; };
		9B6BBD5C2603410E005184B6 /* SceneDelegate.swift */ = {isa = PBXFileReference; lastKnownFileType = sourcecode.swift; path = SceneDelegate.swift; sourceTree = "<group>"; };
		9B6BBD5E2603410E005184B6 /* ContentView.swift */ = {isa = PBXFileReference; lastKnownFileType = sourcecode.swift; path = ContentView.swift; sourceTree = "<group>"; };
		9B6BBD602603410F005184B6 /* Assets.xcassets */ = {isa = PBXFileReference; lastKnownFileType = folder.assetcatalog; path = Assets.xcassets; sourceTree = "<group>"; };
		9B6BBD632603410F005184B6 /* Preview Assets.xcassets */ = {isa = PBXFileReference; lastKnownFileType = folder.assetcatalog; path = "Preview Assets.xcassets"; sourceTree = "<group>"; };
		9B6BBD662603410F005184B6 /* Base */ = {isa = PBXFileReference; lastKnownFileType = file.storyboard; name = Base; path = Base.lproj/LaunchScreen.storyboard; sourceTree = "<group>"; };
		9B6BBD682603410F005184B6 /* Info.plist */ = {isa = PBXFileReference; lastKnownFileType = text.plist.xml; path = Info.plist; sourceTree = "<group>"; };
		9B6BBD71260347F0005184B6 /* Node.swift */ = {isa = PBXFileReference; fileEncoding = 4; lastKnownFileType = sourcecode.swift; path = Node.swift; sourceTree = "<group>"; };
		9B6BBD72260347F0005184B6 /* LinkedList.swift */ = {isa = PBXFileReference; fileEncoding = 4; lastKnownFileType = sourcecode.swift; path = LinkedList.swift; sourceTree = "<group>"; };
		9B6BBD76260348D3005184B6 /* LinkedListView.swift */ = {isa = PBXFileReference; lastKnownFileType = sourcecode.swift; path = LinkedListView.swift; sourceTree = "<group>"; };
		9B8A0D252604987E0002372E /* Stack.swift */ = {isa = PBXFileReference; lastKnownFileType = sourcecode.swift; path = Stack.swift; sourceTree = "<group>"; };
		9B8A0D28260499C40002372E /* StackView.swift */ = {isa = PBXFileReference; lastKnownFileType = sourcecode.swift; path = StackView.swift; sourceTree = "<group>"; };
		9B8A0D2B2604A4540002372E /* Queue.swift */ = {isa = PBXFileReference; lastKnownFileType = sourcecode.swift; path = Queue.swift; sourceTree = "<group>"; };
		9B8A0D2E2604AB380002372E /* QueueView.swift */ = {isa = PBXFileReference; lastKnownFileType = sourcecode.swift; path = QueueView.swift; sourceTree = "<group>"; };
		9B9123402609829A0029E478 /* DoublyLInkedList.swift */ = {isa = PBXFileReference; lastKnownFileType = sourcecode.swift; path = DoublyLInkedList.swift; sourceTree = "<group>"; };
		9B912343260990820029E478 /* RingBuffer.swift */ = {isa = PBXFileReference; lastKnownFileType = sourcecode.swift; path = RingBuffer.swift; sourceTree = "<group>"; };
		9B9123462609CD610029E478 /* BinaryNode.swift */ = {isa = PBXFileReference; lastKnownFileType = sourcecode.swift; path = BinaryNode.swift; sourceTree = "<group>"; };
		9B91234D2609CEF50029E478 /* BinaryTreeView.swift */ = {isa = PBXFileReference; lastKnownFileType = sourcecode.swift; path = BinaryTreeView.swift; sourceTree = "<group>"; };
		9B9123512609E3D10029E478 /* BinarySearchTree.swift */ = {isa = PBXFileReference; lastKnownFileType = sourcecode.swift; path = BinarySearchTree.swift; sourceTree = "<group>"; };
		9B9123542609E50A0029E478 /* BinarySearchTreeView.swift */ = {isa = PBXFileReference; lastKnownFileType = sourcecode.swift; path = BinarySearchTreeView.swift; sourceTree = "<group>"; };
		9BA134C9260D8E810045C7E1 /* BinarySearch.swift */ = {isa = PBXFileReference; lastKnownFileType = sourcecode.swift; path = BinarySearch.swift; sourceTree = "<group>"; };
		9BA134CC260D907C0045C7E1 /* BinarySearchView.swift */ = {isa = PBXFileReference; lastKnownFileType = sourcecode.swift; path = BinarySearchView.swift; sourceTree = "<group>"; };
		9BD0F145260C81FD0094CE36 /* TrieNode.swift */ = {isa = PBXFileReference; lastKnownFileType = sourcecode.swift; path = TrieNode.swift; sourceTree = "<group>"; };
		9BD0F148260C83040094CE36 /* Trie.swift */ = {isa = PBXFileReference; lastKnownFileType = sourcecode.swift; path = Trie.swift; sourceTree = "<group>"; };
		9BD0F14B260C90360094CE36 /* TrieView.swift */ = {isa = PBXFileReference; lastKnownFileType = sourcecode.swift; path = TrieView.swift; sourceTree = "<group>"; };
/* End PBXFileReference section */

/* Begin PBXFrameworksBuildPhase section */
		9B6BBD542603410E005184B6 /* Frameworks */ = {
			isa = PBXFrameworksBuildPhase;
			buildActionMask = 2147483647;
			files = (
			);
			runOnlyForDeploymentPostprocessing = 0;
		};
/* End PBXFrameworksBuildPhase section */

/* Begin PBXGroup section */
		9B6BBD4E2603410E005184B6 = {
			isa = PBXGroup;
			children = (
				9B6BBD70260347F0005184B6 /* Sources */,
				9B6BBD592603410E005184B6 /* SwiftDataStructuresAndAlgorithms */,
				9B6BBD582603410E005184B6 /* Products */,
			);
			sourceTree = "<group>";
		};
		9B6BBD582603410E005184B6 /* Products */ = {
			isa = PBXGroup;
			children = (
				9B6BBD572603410E005184B6 /* SwiftDataStructuresAndAlgorithms.app */,
			);
			name = Products;
			sourceTree = "<group>";
		};
		9B6BBD592603410E005184B6 /* SwiftDataStructuresAndAlgorithms */ = {
			isa = PBXGroup;
			children = (
				9B6BBD5A2603410E005184B6 /* AppDelegate.swift */,
				9B6BBD5C2603410E005184B6 /* SceneDelegate.swift */,
				9B6BBD5E2603410E005184B6 /* ContentView.swift */,
				9B6BBD76260348D3005184B6 /* LinkedListView.swift */,
				9B8A0D28260499C40002372E /* StackView.swift */,
				9B8A0D2E2604AB380002372E /* QueueView.swift */,
				9B2231B72608B7BB00DF27F8 /* TreeView.swift */,
				9B91234D2609CEF50029E478 /* BinaryTreeView.swift */,
				9B9123542609E50A0029E478 /* BinarySearchTreeView.swift */,
				9B6AF463260B0F59002D3DDF /* AVLTreeView.swift */,
				9BD0F14B260C90360094CE36 /* TrieView.swift */,
				9BA134CC260D907C0045C7E1 /* BinarySearchView.swift */,
				9B6BBD602603410F005184B6 /* Assets.xcassets */,
				9B6BBD652603410F005184B6 /* LaunchScreen.storyboard */,
				9B6BBD682603410F005184B6 /* Info.plist */,
				9B6BBD622603410F005184B6 /* Preview Content */,
			);
			path = SwiftDataStructuresAndAlgorithms;
			sourceTree = "<group>";
		};
		9B6BBD622603410F005184B6 /* Preview Content */ = {
			isa = PBXGroup;
			children = (
				9B6BBD632603410F005184B6 /* Preview Assets.xcassets */,
			);
			path = "Preview Content";
			sourceTree = "<group>";
		};
		9B6BBD70260347F0005184B6 /* Sources */ = {
			isa = PBXGroup;
			children = (
				9B6BBD71260347F0005184B6 /* Node.swift */,
				9B6BBD72260347F0005184B6 /* LinkedList.swift */,
				9B9123402609829A0029E478 /* DoublyLInkedList.swift */,
				9B8A0D252604987E0002372E /* Stack.swift */,
				9B8A0D2B2604A4540002372E /* Queue.swift */,
				9B2231B42608B4C800DF27F8 /* Tree.swift */,
				9B912343260990820029E478 /* RingBuffer.swift */,
				9B9123462609CD610029E478 /* BinaryNode.swift */,
				9B9123512609E3D10029E478 /* BinarySearchTree.swift */,
				9B6AF460260AE383002D3DDF /* AVLTree.swift */,
				9BD0F145260C81FD0094CE36 /* TrieNode.swift */,
				9BD0F148260C83040094CE36 /* Trie.swift */,
				9BA134C9260D8E810045C7E1 /* BinarySearch.swift */,
			);
			path = Sources;
			sourceTree = "<group>";
		};
/* End PBXGroup section */

/* Begin PBXNativeTarget section */
		9B6BBD562603410E005184B6 /* SwiftDataStructuresAndAlgorithms */ = {
			isa = PBXNativeTarget;
			buildConfigurationList = 9B6BBD6B2603410F005184B6 /* Build configuration list for PBXNativeTarget "SwiftDataStructuresAndAlgorithms" */;
			buildPhases = (
				9B6BBD532603410E005184B6 /* Sources */,
				9B6BBD542603410E005184B6 /* Frameworks */,
				9B6BBD552603410E005184B6 /* Resources */,
			);
			buildRules = (
			);
			dependencies = (
			);
			name = SwiftDataStructuresAndAlgorithms;
			productName = SwiftDataStructuresAndAlgorithms;
			productReference = 9B6BBD572603410E005184B6 /* SwiftDataStructuresAndAlgorithms.app */;
			productType = "com.apple.product-type.application";
		};
/* End PBXNativeTarget section */

/* Begin PBXProject section */
		9B6BBD4F2603410E005184B6 /* Project object */ = {
			isa = PBXProject;
			attributes = {
				LastSwiftUpdateCheck = 1240;
				LastUpgradeCheck = 1240;
				TargetAttributes = {
					9B6BBD562603410E005184B6 = {
						CreatedOnToolsVersion = 12.4;
					};
				};
			};
			buildConfigurationList = 9B6BBD522603410E005184B6 /* Build configuration list for PBXProject "SwiftDataStructuresAndAlgorithms" */;
			compatibilityVersion = "Xcode 9.3";
			developmentRegion = en;
			hasScannedForEncodings = 0;
			knownRegions = (
				en,
				Base,
			);
			mainGroup = 9B6BBD4E2603410E005184B6;
			productRefGroup = 9B6BBD582603410E005184B6 /* Products */;
			projectDirPath = "";
			projectRoot = "";
			targets = (
				9B6BBD562603410E005184B6 /* SwiftDataStructuresAndAlgorithms */,
			);
		};
/* End PBXProject section */

/* Begin PBXResourcesBuildPhase section */
		9B6BBD552603410E005184B6 /* Resources */ = {
			isa = PBXResourcesBuildPhase;
			buildActionMask = 2147483647;
			files = (
				9B6BBD672603410F005184B6 /* LaunchScreen.storyboard in Resources */,
				9B6BBD642603410F005184B6 /* Preview Assets.xcassets in Resources */,
				9B6BBD612603410F005184B6 /* Assets.xcassets in Resources */,
			);
			runOnlyForDeploymentPostprocessing = 0;
		};
/* End PBXResourcesBuildPhase section */

/* Begin PBXSourcesBuildPhase section */
		9B6BBD532603410E005184B6 /* Sources */ = {
			isa = PBXSourcesBuildPhase;
			buildActionMask = 2147483647;
			files = (
				9B2231B82608B7BB00DF27F8 /* TreeView.swift in Sources */,
				9B9123552609E50A0029E478 /* BinarySearchTreeView.swift in Sources */,
				9B9123522609E3D10029E478 /* BinarySearchTree.swift in Sources */,
				9B6BBD77260348D3005184B6 /* LinkedListView.swift in Sources */,
				9B9123412609829A0029E478 /* DoublyLInkedList.swift in Sources */,
				9B6BBD5B2603410E005184B6 /* AppDelegate.swift in Sources */,
				9B8A0D262604987E0002372E /* Stack.swift in Sources */,
				9B912344260990820029E478 /* RingBuffer.swift in Sources */,
				9BA134CA260D8E810045C7E1 /* BinarySearch.swift in Sources */,
				9B6AF464260B0F59002D3DDF /* AVLTreeView.swift in Sources */,
				9B8A0D29260499C50002372E /* StackView.swift in Sources */,
				9BD0F146260C81FD0094CE36 /* TrieNode.swift in Sources */,
				9BD0F14C260C90360094CE36 /* TrieView.swift in Sources */,
				9BD0F149260C83040094CE36 /* Trie.swift in Sources */,
				9BA134CD260D907C0045C7E1 /* BinarySearchView.swift in Sources */,
				9B6BBD5D2603410E005184B6 /* SceneDelegate.swift in Sources */,
				9B6BBD74260347F0005184B6 /* LinkedList.swift in Sources */,
				9B2231B52608B4C800DF27F8 /* Tree.swift in Sources */,
				9B6BBD5F2603410E005184B6 /* ContentView.swift in Sources */,
				9B8A0D2C2604A4540002372E /* Queue.swift in Sources */,
				9B9123472609CD610029E478 /* BinaryNode.swift in Sources */,
				9B8A0D2F2604AB380002372E /* QueueView.swift in Sources */,
				9B6BBD73260347F0005184B6 /* Node.swift in Sources */,
				9B91234E2609CEF50029E478 /* BinaryTreeView.swift in Sources */,
				9B6AF461260AE383002D3DDF /* AVLTree.swift in Sources */,
			);
			runOnlyForDeploymentPostprocessing = 0;
		};
/* End PBXSourcesBuildPhase section */

/* Begin PBXVariantGroup section */
		9B6BBD652603410F005184B6 /* LaunchScreen.storyboard */ = {
			isa = PBXVariantGroup;
			children = (
				9B6BBD662603410F005184B6 /* Base */,
			);
			name = LaunchScreen.storyboard;
			sourceTree = "<group>";
		};
/* End PBXVariantGroup section */

/* Begin XCBuildConfiguration section */
		9B6BBD692603410F005184B6 /* Debug */ = {
			isa = XCBuildConfiguration;
			buildSettings = {
				ALWAYS_SEARCH_USER_PATHS = NO;
				CLANG_ANALYZER_NONNULL = YES;
				CLANG_ANALYZER_NUMBER_OBJECT_CONVERSION = YES_AGGRESSIVE;
				CLANG_CXX_LANGUAGE_STANDARD = "gnu++14";
				CLANG_CXX_LIBRARY = "libc++";
				CLANG_ENABLE_MODULES = YES;
				CLANG_ENABLE_OBJC_ARC = YES;
				CLANG_ENABLE_OBJC_WEAK = YES;
				CLANG_WARN_BLOCK_CAPTURE_AUTORELEASING = YES;
				CLANG_WARN_BOOL_CONVERSION = YES;
				CLANG_WARN_COMMA = YES;
				CLANG_WARN_CONSTANT_CONVERSION = YES;
				CLANG_WARN_DEPRECATED_OBJC_IMPLEMENTATIONS = YES;
				CLANG_WARN_DIRECT_OBJC_ISA_USAGE = YES_ERROR;
				CLANG_WARN_DOCUMENTATION_COMMENTS = YES;
				CLANG_WARN_EMPTY_BODY = YES;
				CLANG_WARN_ENUM_CONVERSION = YES;
				CLANG_WARN_INFINITE_RECURSION = YES;
				CLANG_WARN_INT_CONVERSION = YES;
				CLANG_WARN_NON_LITERAL_NULL_CONVERSION = YES;
				CLANG_WARN_OBJC_IMPLICIT_RETAIN_SELF = YES;
				CLANG_WARN_OBJC_LITERAL_CONVERSION = YES;
				CLANG_WARN_OBJC_ROOT_CLASS = YES_ERROR;
				CLANG_WARN_QUOTED_INCLUDE_IN_FRAMEWORK_HEADER = YES;
				CLANG_WARN_RANGE_LOOP_ANALYSIS = YES;
				CLANG_WARN_STRICT_PROTOTYPES = YES;
				CLANG_WARN_SUSPICIOUS_MOVE = YES;
				CLANG_WARN_UNGUARDED_AVAILABILITY = YES_AGGRESSIVE;
				CLANG_WARN_UNREACHABLE_CODE = YES;
				CLANG_WARN__DUPLICATE_METHOD_MATCH = YES;
				COPY_PHASE_STRIP = NO;
				DEBUG_INFORMATION_FORMAT = dwarf;
				ENABLE_STRICT_OBJC_MSGSEND = YES;
				ENABLE_TESTABILITY = YES;
				GCC_C_LANGUAGE_STANDARD = gnu11;
				GCC_DYNAMIC_NO_PIC = NO;
				GCC_NO_COMMON_BLOCKS = YES;
				GCC_OPTIMIZATION_LEVEL = 0;
				GCC_PREPROCESSOR_DEFINITIONS = (
					"DEBUG=1",
					"$(inherited)",
				);
				GCC_WARN_64_TO_32_BIT_CONVERSION = YES;
				GCC_WARN_ABOUT_RETURN_TYPE = YES_ERROR;
				GCC_WARN_UNDECLARED_SELECTOR = YES;
				GCC_WARN_UNINITIALIZED_AUTOS = YES_AGGRESSIVE;
				GCC_WARN_UNUSED_FUNCTION = YES;
				GCC_WARN_UNUSED_VARIABLE = YES;
				IPHONEOS_DEPLOYMENT_TARGET = 14.4;
				MTL_ENABLE_DEBUG_INFO = INCLUDE_SOURCE;
				MTL_FAST_MATH = YES;
				ONLY_ACTIVE_ARCH = YES;
				SDKROOT = iphoneos;
				SWIFT_ACTIVE_COMPILATION_CONDITIONS = DEBUG;
				SWIFT_OPTIMIZATION_LEVEL = "-Onone";
			};
			name = Debug;
		};
		9B6BBD6A2603410F005184B6 /* Release */ = {
			isa = XCBuildConfiguration;
			buildSettings = {
				ALWAYS_SEARCH_USER_PATHS = NO;
				CLANG_ANALYZER_NONNULL = YES;
				CLANG_ANALYZER_NUMBER_OBJECT_CONVERSION = YES_AGGRESSIVE;
				CLANG_CXX_LANGUAGE_STANDARD = "gnu++14";
				CLANG_CXX_LIBRARY = "libc++";
				CLANG_ENABLE_MODULES = YES;
				CLANG_ENABLE_OBJC_ARC = YES;
				CLANG_ENABLE_OBJC_WEAK = YES;
				CLANG_WARN_BLOCK_CAPTURE_AUTORELEASING = YES;
				CLANG_WARN_BOOL_CONVERSION = YES;
				CLANG_WARN_COMMA = YES;
				CLANG_WARN_CONSTANT_CONVERSION = YES;
				CLANG_WARN_DEPRECATED_OBJC_IMPLEMENTATIONS = YES;
				CLANG_WARN_DIRECT_OBJC_ISA_USAGE = YES_ERROR;
				CLANG_WARN_DOCUMENTATION_COMMENTS = YES;
				CLANG_WARN_EMPTY_BODY = YES;
				CLANG_WARN_ENUM_CONVERSION = YES;
				CLANG_WARN_INFINITE_RECURSION = YES;
				CLANG_WARN_INT_CONVERSION = YES;
				CLANG_WARN_NON_LITERAL_NULL_CONVERSION = YES;
				CLANG_WARN_OBJC_IMPLICIT_RETAIN_SELF = YES;
				CLANG_WARN_OBJC_LITERAL_CONVERSION = YES;
				CLANG_WARN_OBJC_ROOT_CLASS = YES_ERROR;
				CLANG_WARN_QUOTED_INCLUDE_IN_FRAMEWORK_HEADER = YES;
				CLANG_WARN_RANGE_LOOP_ANALYSIS = YES;
				CLANG_WARN_STRICT_PROTOTYPES = YES;
				CLANG_WARN_SUSPICIOUS_MOVE = YES;
				CLANG_WARN_UNGUARDED_AVAILABILITY = YES_AGGRESSIVE;
				CLANG_WARN_UNREACHABLE_CODE = YES;
				CLANG_WARN__DUPLICATE_METHOD_MATCH = YES;
				COPY_PHASE_STRIP = NO;
				DEBUG_INFORMATION_FORMAT = "dwarf-with-dsym";
				ENABLE_NS_ASSERTIONS = NO;
				ENABLE_STRICT_OBJC_MSGSEND = YES;
				GCC_C_LANGUAGE_STANDARD = gnu11;
				GCC_NO_COMMON_BLOCKS = YES;
				GCC_WARN_64_TO_32_BIT_CONVERSION = YES;
				GCC_WARN_ABOUT_RETURN_TYPE = YES_ERROR;
				GCC_WARN_UNDECLARED_SELECTOR = YES;
				GCC_WARN_UNINITIALIZED_AUTOS = YES_AGGRESSIVE;
				GCC_WARN_UNUSED_FUNCTION = YES;
				GCC_WARN_UNUSED_VARIABLE = YES;
				IPHONEOS_DEPLOYMENT_TARGET = 14.4;
				MTL_ENABLE_DEBUG_INFO = NO;
				MTL_FAST_MATH = YES;
				SDKROOT = iphoneos;
				SWIFT_COMPILATION_MODE = wholemodule;
				SWIFT_OPTIMIZATION_LEVEL = "-O";
				VALIDATE_PRODUCT = YES;
			};
			name = Release;
		};
		9B6BBD6C2603410F005184B6 /* Debug */ = {
			isa = XCBuildConfiguration;
			buildSettings = {
				ASSETCATALOG_COMPILER_APPICON_NAME = AppIcon;
				ASSETCATALOG_COMPILER_GLOBAL_ACCENT_COLOR_NAME = AccentColor;
				CODE_SIGN_STYLE = Automatic;
				DEVELOPMENT_ASSET_PATHS = "\"SwiftDataStructuresAndAlgorithms/Preview Content\"";
				DEVELOPMENT_TEAM = JL47UZ4B53;
				ENABLE_PREVIEWS = YES;
				INFOPLIST_FILE = SwiftDataStructuresAndAlgorithms/Info.plist;
				LD_RUNPATH_SEARCH_PATHS = (
					"$(inherited)",
					"@executable_path/Frameworks",
				);
				PRODUCT_BUNDLE_IDENTIFIER = com.elong.bedandbreakfast.SwiftDataStructuresAndAlgorithms;
				PRODUCT_NAME = "$(TARGET_NAME)";
				SWIFT_VERSION = 5.0;
				TARGETED_DEVICE_FAMILY = "1,2";
			};
			name = Debug;
		};
		9B6BBD6D2603410F005184B6 /* Release */ = {
			isa = XCBuildConfiguration;
			buildSettings = {
				ASSETCATALOG_COMPILER_APPICON_NAME = AppIcon;
				ASSETCATALOG_COMPILER_GLOBAL_ACCENT_COLOR_NAME = AccentColor;
				CODE_SIGN_STYLE = Automatic;
				DEVELOPMENT_ASSET_PATHS = "\"SwiftDataStructuresAndAlgorithms/Preview Content\"";
				DEVELOPMENT_TEAM = JL47UZ4B53;
				ENABLE_PREVIEWS = YES;
				INFOPLIST_FILE = SwiftDataStructuresAndAlgorithms/Info.plist;
				LD_RUNPATH_SEARCH_PATHS = (
					"$(inherited)",
					"@executable_path/Frameworks",
				);
				PRODUCT_BUNDLE_IDENTIFIER = com.elong.bedandbreakfast.SwiftDataStructuresAndAlgorithms;
				PRODUCT_NAME = "$(TARGET_NAME)";
				SWIFT_VERSION = 5.0;
				TARGETED_DEVICE_FAMILY = "1,2";
			};
			name = Release;
		};
/* End XCBuildConfiguration section */

/* Begin XCConfigurationList section */
		9B6BBD522603410E005184B6 /* Build configuration list for PBXProject "SwiftDataStructuresAndAlgorithms" */ = {
			isa = XCConfigurationList;
			buildConfigurations = (
				9B6BBD692603410F005184B6 /* Debug */,
				9B6BBD6A2603410F005184B6 /* Release */,
			);
			defaultConfigurationIsVisible = 0;
			defaultConfigurationName = Release;
		};
		9B6BBD6B2603410F005184B6 /* Build configuration list for PBXNativeTarget "SwiftDataStructuresAndAlgorithms" */ = {
			isa = XCConfigurationList;
			buildConfigurations = (
				9B6BBD6C2603410F005184B6 /* Debug */,
				9B6BBD6D2603410F005184B6 /* Release */,
			);
			defaultConfigurationIsVisible = 0;
			defaultConfigurationName = Release;
		};
/* End XCConfigurationList section */
	};
	rootObject = 9B6BBD4F2603410E005184B6 /* Project object */;
}
